// !$*UTF8*$!
{
	archiveVersion = 1;
	classes = {
	};
	objectVersion = 50;
	objects = {

/* Begin PBXBuildFile section */
		40361BE2222515DA007D82E9 /* FFPageControl.m in Sources */ = {isa = PBXBuildFile; fileRef = 40361BE1222515DA007D82E9 /* FFPageControl.m */; };
		40844CED22212C0C0004089F /* FFBrowserImageCollectionViewCell.m in Sources */ = {isa = PBXBuildFile; fileRef = 40844CE922212C0C0004089F /* FFBrowserImageCollectionViewCell.m */; };
		40844CEE22212C0C0004089F /* FFBrowserImageItem.m in Sources */ = {isa = PBXBuildFile; fileRef = 40844CEA22212C0C0004089F /* FFBrowserImageItem.m */; };
		40844CEF22212C0C0004089F /* FFBrowserImageViewController.m in Sources */ = {isa = PBXBuildFile; fileRef = 40844CEB22212C0C0004089F /* FFBrowserImageViewController.m */; };
		40844CF222212CEB0004089F /* UIImageView+Extension.m in Sources */ = {isa = PBXBuildFile; fileRef = 40844CF122212CEB0004089F /* UIImageView+Extension.m */; };
		40844CF5222138720004089F /* FFHomeCollectionViewCell.m in Sources */ = {isa = PBXBuildFile; fileRef = 40844CF4222138720004089F /* FFHomeCollectionViewCell.m */; };
		40987D932213B8FB00C0FE28 /* 1.jpg in Resources */ = {isa = PBXBuildFile; fileRef = 40987D922213B8FB00C0FE28 /* 1.jpg */; };
		40FA41F02212C4D700FD106C /* FFBasicFrameWorkTests.m in Sources */ = {isa = PBXBuildFile; fileRef = 40FA41EF2212C4D700FD106C /* FFBasicFrameWorkTests.m */; };
		40FA41FB2212C4D700FD106C /* FFBasicFrameWorkUITests.m in Sources */ = {isa = PBXBuildFile; fileRef = 40FA41FA2212C4D700FD106C /* FFBasicFrameWorkUITests.m */; };
		40FA42182212C65800FD106C /* ViewController.m in Sources */ = {isa = PBXBuildFile; fileRef = 40FA420B2212C65800FD106C /* ViewController.m */; };
		40FA42192212C65800FD106C /* Assets.xcassets in Resources */ = {isa = PBXBuildFile; fileRef = 40FA42102212C65800FD106C /* Assets.xcassets */; };
		40FA421A2212C65800FD106C /* LaunchScreen.storyboard in Resources */ = {isa = PBXBuildFile; fileRef = 40FA42112212C65800FD106C /* LaunchScreen.storyboard */; };
		40FA421B2212C65800FD106C /* Main.storyboard in Resources */ = {isa = PBXBuildFile; fileRef = 40FA42132212C65800FD106C /* Main.storyboard */; };
		40FA421C2212C65800FD106C /* main.m in Sources */ = {isa = PBXBuildFile; fileRef = 40FA42152212C65800FD106C /* main.m */; };
		40FA421D2212C65800FD106C /* AppDelegate.m in Sources */ = {isa = PBXBuildFile; fileRef = 40FA42162212C65800FD106C /* AppDelegate.m */; };
		40FA421E2212C65800FD106C /* Info.plist in Resources */ = {isa = PBXBuildFile; fileRef = 40FA42172212C65800FD106C /* Info.plist */; };
		40FA42222212C80E00FD106C /* UIImage+Extension.m in Sources */ = {isa = PBXBuildFile; fileRef = 40FA42212212C80E00FD106C /* UIImage+Extension.m */; };
		C1E0BA33C21D5ADB35186FAA /* libPods-FFBasicFrameWork.a in Frameworks */ = {isa = PBXBuildFile; fileRef = C0B03446A729BD25AF69B8BB /* libPods-FFBasicFrameWork.a */; };
/* End PBXBuildFile section */

/* Begin PBXContainerItemProxy section */
		40FA41EC2212C4D700FD106C /* PBXContainerItemProxy */ = {
			isa = PBXContainerItemProxy;
			containerPortal = 40FA41CB2212C4D500FD106C /* Project object */;
			proxyType = 1;
			remoteGlobalIDString = 40FA41D22212C4D500FD106C;
			remoteInfo = FFBasicFrameWork;
		};
		40FA41F72212C4D700FD106C /* PBXContainerItemProxy */ = {
			isa = PBXContainerItemProxy;
			containerPortal = 40FA41CB2212C4D500FD106C /* Project object */;
			proxyType = 1;
			remoteGlobalIDString = 40FA41D22212C4D500FD106C;
			remoteInfo = FFBasicFrameWork;
		};
/* End PBXContainerItemProxy section */

/* Begin PBXFileReference section */
		1CFD19B0FC1B6FD045760A81 /* Pods-FFBasicFrameWork.debug.xcconfig */ = {isa = PBXFileReference; includeInIndex = 1; lastKnownFileType = text.xcconfig; name = "Pods-FFBasicFrameWork.debug.xcconfig"; path = "Pods/Target Support Files/Pods-FFBasicFrameWork/Pods-FFBasicFrameWork.debug.xcconfig"; sourceTree = "<group>"; };
		40361BE0222515DA007D82E9 /* FFPageControl.h */ = {isa = PBXFileReference; lastKnownFileType = sourcecode.c.h; path = FFPageControl.h; sourceTree = "<group>"; };
		40361BE1222515DA007D82E9 /* FFPageControl.m */ = {isa = PBXFileReference; lastKnownFileType = sourcecode.c.objc; path = FFPageControl.m; sourceTree = "<group>"; };
		405C2CAC2215743900EC472B /* FFSystemInfoMacro.h */ = {isa = PBXFileReference; lastKnownFileType = sourcecode.c.h; path = FFSystemInfoMacro.h; sourceTree = "<group>"; };
		40844CE722212C0C0004089F /* FFBrowserImageItem.h */ = {isa = PBXFileReference; fileEncoding = 4; lastKnownFileType = sourcecode.c.h; path = FFBrowserImageItem.h; sourceTree = "<group>"; };
		40844CE822212C0C0004089F /* FFBrowserImageViewController.h */ = {isa = PBXFileReference; fileEncoding = 4; lastKnownFileType = sourcecode.c.h; path = FFBrowserImageViewController.h; sourceTree = "<group>"; };
		40844CE922212C0C0004089F /* FFBrowserImageCollectionViewCell.m */ = {isa = PBXFileReference; fileEncoding = 4; lastKnownFileType = sourcecode.c.objc; path = FFBrowserImageCollectionViewCell.m; sourceTree = "<group>"; };
		40844CEA22212C0C0004089F /* FFBrowserImageItem.m */ = {isa = PBXFileReference; fileEncoding = 4; lastKnownFileType = sourcecode.c.objc; path = FFBrowserImageItem.m; sourceTree = "<group>"; };
		40844CEB22212C0C0004089F /* FFBrowserImageViewController.m */ = {isa = PBXFileReference; fileEncoding = 4; lastKnownFileType = sourcecode.c.objc; path = FFBrowserImageViewController.m; sourceTree = "<group>"; };
		40844CEC22212C0C0004089F /* FFBrowserImageCollectionViewCell.h */ = {isa = PBXFileReference; fileEncoding = 4; lastKnownFileType = sourcecode.c.h; path = FFBrowserImageCollectionViewCell.h; sourceTree = "<group>"; };
		40844CF022212CEB0004089F /* UIImageView+Extension.h */ = {isa = PBXFileReference; lastKnownFileType = sourcecode.c.h; path = "UIImageView+Extension.h"; sourceTree = "<group>"; };
		40844CF122212CEB0004089F /* UIImageView+Extension.m */ = {isa = PBXFileReference; lastKnownFileType = sourcecode.c.objc; path = "UIImageView+Extension.m"; sourceTree = "<group>"; };
		40844CF3222138720004089F /* FFHomeCollectionViewCell.h */ = {isa = PBXFileReference; lastKnownFileType = sourcecode.c.h; path = FFHomeCollectionViewCell.h; sourceTree = "<group>"; };
		40844CF4222138720004089F /* FFHomeCollectionViewCell.m */ = {isa = PBXFileReference; lastKnownFileType = sourcecode.c.objc; path = FFHomeCollectionViewCell.m; sourceTree = "<group>"; };
		40987D922213B8FB00C0FE28 /* 1.jpg */ = {isa = PBXFileReference; lastKnownFileType = image.jpeg; path = 1.jpg; sourceTree = "<group>"; };
		40FA41D32212C4D500FD106C /* FFBasicFrameWork.app */ = {isa = PBXFileReference; explicitFileType = wrapper.application; includeInIndex = 0; path = FFBasicFrameWork.app; sourceTree = BUILT_PRODUCTS_DIR; };
		40FA41EB2212C4D700FD106C /* FFBasicFrameWorkTests.xctest */ = {isa = PBXFileReference; explicitFileType = wrapper.cfbundle; includeInIndex = 0; path = FFBasicFrameWorkTests.xctest; sourceTree = BUILT_PRODUCTS_DIR; };
		40FA41EF2212C4D700FD106C /* FFBasicFrameWorkTests.m */ = {isa = PBXFileReference; lastKnownFileType = sourcecode.c.objc; path = FFBasicFrameWorkTests.m; sourceTree = "<group>"; };
		40FA41F12212C4D700FD106C /* Info.plist */ = {isa = PBXFileReference; lastKnownFileType = text.plist.xml; path = Info.plist; sourceTree = "<group>"; };
		40FA41F62212C4D700FD106C /* FFBasicFrameWorkUITests.xctest */ = {isa = PBXFileReference; explicitFileType = wrapper.cfbundle; includeInIndex = 0; path = FFBasicFrameWorkUITests.xctest; sourceTree = BUILT_PRODUCTS_DIR; };
		40FA41FA2212C4D700FD106C /* FFBasicFrameWorkUITests.m */ = {isa = PBXFileReference; lastKnownFileType = sourcecode.c.objc; path = FFBasicFrameWorkUITests.m; sourceTree = "<group>"; };
		40FA41FC2212C4D700FD106C /* Info.plist */ = {isa = PBXFileReference; lastKnownFileType = text.plist.xml; path = Info.plist; sourceTree = "<group>"; };
		40FA420B2212C65800FD106C /* ViewController.m */ = {isa = PBXFileReference; fileEncoding = 4; lastKnownFileType = sourcecode.c.objc; path = ViewController.m; sourceTree = "<group>"; };
		40FA420C2212C65800FD106C /* ViewController.h */ = {isa = PBXFileReference; fileEncoding = 4; lastKnownFileType = sourcecode.c.h; path = ViewController.h; sourceTree = "<group>"; };
		40FA420F2212C65800FD106C /* AppDelegate.h */ = {isa = PBXFileReference; fileEncoding = 4; lastKnownFileType = sourcecode.c.h; path = AppDelegate.h; sourceTree = "<group>"; };
		40FA42102212C65800FD106C /* Assets.xcassets */ = {isa = PBXFileReference; lastKnownFileType = folder.assetcatalog; path = Assets.xcassets; sourceTree = "<group>"; };
		40FA42122212C65800FD106C /* Base */ = {isa = PBXFileReference; lastKnownFileType = file.storyboard; name = Base; path = Base.lproj/LaunchScreen.storyboard; sourceTree = "<group>"; };
		40FA42142212C65800FD106C /* Base */ = {isa = PBXFileReference; lastKnownFileType = file.storyboard; name = Base; path = Base.lproj/Main.storyboard; sourceTree = "<group>"; };
		40FA42152212C65800FD106C /* main.m */ = {isa = PBXFileReference; fileEncoding = 4; lastKnownFileType = sourcecode.c.objc; path = main.m; sourceTree = "<group>"; };
		40FA42162212C65800FD106C /* AppDelegate.m */ = {isa = PBXFileReference; fileEncoding = 4; lastKnownFileType = sourcecode.c.objc; path = AppDelegate.m; sourceTree = "<group>"; };
		40FA42172212C65800FD106C /* Info.plist */ = {isa = PBXFileReference; fileEncoding = 4; lastKnownFileType = text.plist.xml; path = Info.plist; sourceTree = "<group>"; };
		40FA42202212C80E00FD106C /* UIImage+Extension.h */ = {isa = PBXFileReference; lastKnownFileType = sourcecode.c.h; path = "UIImage+Extension.h"; sourceTree = "<group>"; };
		40FA42212212C80E00FD106C /* UIImage+Extension.m */ = {isa = PBXFileReference; lastKnownFileType = sourcecode.c.objc; path = "UIImage+Extension.m"; sourceTree = "<group>"; };
		40FA42232212C83500FD106C /* PrefixHeader.pch */ = {isa = PBXFileReference; lastKnownFileType = sourcecode.c.h; path = PrefixHeader.pch; sourceTree = "<group>"; };
		A7304DF40B7519DDA54FDD44 /* Pods-FFBasicFrameWork.release.xcconfig */ = {isa = PBXFileReference; includeInIndex = 1; lastKnownFileType = text.xcconfig; name = "Pods-FFBasicFrameWork.release.xcconfig"; path = "Pods/Target Support Files/Pods-FFBasicFrameWork/Pods-FFBasicFrameWork.release.xcconfig"; sourceTree = "<group>"; };
		C0B03446A729BD25AF69B8BB /* libPods-FFBasicFrameWork.a */ = {isa = PBXFileReference; explicitFileType = archive.ar; includeInIndex = 0; path = "libPods-FFBasicFrameWork.a"; sourceTree = BUILT_PRODUCTS_DIR; };
/* End PBXFileReference section */

/* Begin PBXFrameworksBuildPhase section */
		40FA41D02212C4D500FD106C /* Frameworks */ = {
			isa = PBXFrameworksBuildPhase;
			buildActionMask = 2147483647;
			files = (
				C1E0BA33C21D5ADB35186FAA /* libPods-FFBasicFrameWork.a in Frameworks */,
			);
			runOnlyForDeploymentPostprocessing = 0;
		};
		40FA41E82212C4D700FD106C /* Frameworks */ = {
			isa = PBXFrameworksBuildPhase;
			buildActionMask = 2147483647;
			files = (
			);
			runOnlyForDeploymentPostprocessing = 0;
		};
		40FA41F32212C4D700FD106C /* Frameworks */ = {
			isa = PBXFrameworksBuildPhase;
			buildActionMask = 2147483647;
			files = (
			);
			runOnlyForDeploymentPostprocessing = 0;
		};
/* End PBXFrameworksBuildPhase section */

/* Begin PBXGroup section */
		405C2CAB2215741600EC472B /* Macro */ = {
			isa = PBXGroup;
			children = (
				405C2CAC2215743900EC472B /* FFSystemInfoMacro.h */,
			);
			path = Macro;
			sourceTree = "<group>";
		};
		40844CE622212C0C0004089F /* ImageBrowserMethod */ = {
			isa = PBXGroup;
			children = (
				40844CE722212C0C0004089F /* FFBrowserImageItem.h */,
				40844CEA22212C0C0004089F /* FFBrowserImageItem.m */,
				40844CE822212C0C0004089F /* FFBrowserImageViewController.h */,
				40844CEB22212C0C0004089F /* FFBrowserImageViewController.m */,
				40844CEC22212C0C0004089F /* FFBrowserImageCollectionViewCell.h */,
				40844CE922212C0C0004089F /* FFBrowserImageCollectionViewCell.m */,
			);
			path = ImageBrowserMethod;
			sourceTree = "<group>";
		};
		40FA41CA2212C4D500FD106C = {
			isa = PBXGroup;
			children = (
				40FA41D52212C4D500FD106C /* FFBasicFrameWork */,
				40FA41EE2212C4D700FD106C /* FFBasicFrameWorkTests */,
				40FA41F92212C4D700FD106C /* FFBasicFrameWorkUITests */,
				40FA41D42212C4D500FD106C /* Products */,
				ADD3A7B5E95A835F8A593FF8 /* Pods */,
				9C60F76A7A6399700FF4B8E7 /* Frameworks */,
			);
			sourceTree = "<group>";
		};
		40FA41D42212C4D500FD106C /* Products */ = {
			isa = PBXGroup;
			children = (
				40FA41D32212C4D500FD106C /* FFBasicFrameWork.app */,
				40FA41EB2212C4D700FD106C /* FFBasicFrameWorkTests.xctest */,
				40FA41F62212C4D700FD106C /* FFBasicFrameWorkUITests.xctest */,
			);
			name = Products;
			sourceTree = "<group>";
		};
		40FA41D52212C4D500FD106C /* FFBasicFrameWork */ = {
			isa = PBXGroup;
			children = (
				40987D922213B8FB00C0FE28 /* 1.jpg */,
				40FA42082212C65800FD106C /* General */,
				40FA420A2212C65800FD106C /* Home */,
				40FA420D2212C65800FD106C /* Mine */,
				40FA42092212C65800FD106C /* PublicLibrary */,
				40FA420E2212C65800FD106C /* Support */,
			);
			path = FFBasicFrameWork;
			sourceTree = "<group>";
		};
		40FA41EE2212C4D700FD106C /* FFBasicFrameWorkTests */ = {
			isa = PBXGroup;
			children = (
				40FA41EF2212C4D700FD106C /* FFBasicFrameWorkTests.m */,
				40FA41F12212C4D700FD106C /* Info.plist */,
			);
			path = FFBasicFrameWorkTests;
			sourceTree = "<group>";
		};
		40FA41F92212C4D700FD106C /* FFBasicFrameWorkUITests */ = {
			isa = PBXGroup;
			children = (
				40FA41FA2212C4D700FD106C /* FFBasicFrameWorkUITests.m */,
				40FA41FC2212C4D700FD106C /* Info.plist */,
			);
			path = FFBasicFrameWorkUITests;
			sourceTree = "<group>";
		};
		40FA42082212C65800FD106C /* General */ = {
			isa = PBXGroup;
			children = (
				40844CE622212C0C0004089F /* ImageBrowserMethod */,
				405C2CAB2215741600EC472B /* Macro */,
				40FA421F2212C7E400FD106C /* Category */,
			);
			path = General;
			sourceTree = "<group>";
		};
		40FA42092212C65800FD106C /* PublicLibrary */ = {
			isa = PBXGroup;
			children = (
			);
			path = PublicLibrary;
			sourceTree = "<group>";
		};
		40FA420A2212C65800FD106C /* Home */ = {
			isa = PBXGroup;
			children = (
				40FA420C2212C65800FD106C /* ViewController.h */,
				40FA420B2212C65800FD106C /* ViewController.m */,
				40844CF3222138720004089F /* FFHomeCollectionViewCell.h */,
				40844CF4222138720004089F /* FFHomeCollectionViewCell.m */,
			);
			path = Home;
			sourceTree = "<group>";
		};
		40FA420D2212C65800FD106C /* Mine */ = {
			isa = PBXGroup;
			children = (
			);
			path = Mine;
			sourceTree = "<group>";
		};
		40FA420E2212C65800FD106C /* Support */ = {
			isa = PBXGroup;
			children = (
				40FA420F2212C65800FD106C /* AppDelegate.h */,
				40FA42102212C65800FD106C /* Assets.xcassets */,
				40FA42112212C65800FD106C /* LaunchScreen.storyboard */,
				40FA42132212C65800FD106C /* Main.storyboard */,
				40FA42152212C65800FD106C /* main.m */,
				40FA42162212C65800FD106C /* AppDelegate.m */,
				40FA42232212C83500FD106C /* PrefixHeader.pch */,
				40FA42172212C65800FD106C /* Info.plist */,
			);
			path = Support;
			sourceTree = "<group>";
		};
		40FA421F2212C7E400FD106C /* Category */ = {
			isa = PBXGroup;
			children = (
				40FA42202212C80E00FD106C /* UIImage+Extension.h */,
				40FA42212212C80E00FD106C /* UIImage+Extension.m */,
				40844CF022212CEB0004089F /* UIImageView+Extension.h */,
				40844CF122212CEB0004089F /* UIImageView+Extension.m */,
				40361BE0222515DA007D82E9 /* FFPageControl.h */,
				40361BE1222515DA007D82E9 /* FFPageControl.m */,
			);
			path = Category;
			sourceTree = "<group>";
		};
		9C60F76A7A6399700FF4B8E7 /* Frameworks */ = {
			isa = PBXGroup;
			children = (
				C0B03446A729BD25AF69B8BB /* libPods-FFBasicFrameWork.a */,
			);
			name = Frameworks;
			sourceTree = "<group>";
		};
		ADD3A7B5E95A835F8A593FF8 /* Pods */ = {
			isa = PBXGroup;
			children = (
				1CFD19B0FC1B6FD045760A81 /* Pods-FFBasicFrameWork.debug.xcconfig */,
				A7304DF40B7519DDA54FDD44 /* Pods-FFBasicFrameWork.release.xcconfig */,
			);
			name = Pods;
			sourceTree = "<group>";
		};
/* End PBXGroup section */

/* Begin PBXNativeTarget section */
		40FA41D22212C4D500FD106C /* FFBasicFrameWork */ = {
			isa = PBXNativeTarget;
			buildConfigurationList = 40FA41FF2212C4D700FD106C /* Build configuration list for PBXNativeTarget "FFBasicFrameWork" */;
			buildPhases = (
				33F2626B1875B5100890FE98 /* [CP] Check Pods Manifest.lock */,
				40FA41CF2212C4D500FD106C /* Sources */,
				40FA41D02212C4D500FD106C /* Frameworks */,
				40FA41D12212C4D500FD106C /* Resources */,
			);
			buildRules = (
			);
			dependencies = (
			);
			name = FFBasicFrameWork;
			productName = FFBasicFrameWork;
			productReference = 40FA41D32212C4D500FD106C /* FFBasicFrameWork.app */;
			productType = "com.apple.product-type.application";
		};
		40FA41EA2212C4D700FD106C /* FFBasicFrameWorkTests */ = {
			isa = PBXNativeTarget;
			buildConfigurationList = 40FA42022212C4D700FD106C /* Build configuration list for PBXNativeTarget "FFBasicFrameWorkTests" */;
			buildPhases = (
				40FA41E72212C4D700FD106C /* Sources */,
				40FA41E82212C4D700FD106C /* Frameworks */,
				40FA41E92212C4D700FD106C /* Resources */,
			);
			buildRules = (
			);
			dependencies = (
				40FA41ED2212C4D700FD106C /* PBXTargetDependency */,
			);
			name = FFBasicFrameWorkTests;
			productName = FFBasicFrameWorkTests;
			productReference = 40FA41EB2212C4D700FD106C /* FFBasicFrameWorkTests.xctest */;
			productType = "com.apple.product-type.bundle.unit-test";
		};
		40FA41F52212C4D700FD106C /* FFBasicFrameWorkUITests */ = {
			isa = PBXNativeTarget;
			buildConfigurationList = 40FA42052212C4D700FD106C /* Build configuration list for PBXNativeTarget "FFBasicFrameWorkUITests" */;
			buildPhases = (
				40FA41F22212C4D700FD106C /* Sources */,
				40FA41F32212C4D700FD106C /* Frameworks */,
				40FA41F42212C4D700FD106C /* Resources */,
			);
			buildRules = (
			);
			dependencies = (
				40FA41F82212C4D700FD106C /* PBXTargetDependency */,
			);
			name = FFBasicFrameWorkUITests;
			productName = FFBasicFrameWorkUITests;
			productReference = 40FA41F62212C4D700FD106C /* FFBasicFrameWorkUITests.xctest */;
			productType = "com.apple.product-type.bundle.ui-testing";
		};
/* End PBXNativeTarget section */

/* Begin PBXProject section */
		40FA41CB2212C4D500FD106C /* Project object */ = {
			isa = PBXProject;
			attributes = {
				LastUpgradeCheck = 1010;
				ORGANIZATIONNAME = jisa;
				TargetAttributes = {
					40FA41D22212C4D500FD106C = {
						CreatedOnToolsVersion = 10.1;
					};
					40FA41EA2212C4D700FD106C = {
						CreatedOnToolsVersion = 10.1;
						TestTargetID = 40FA41D22212C4D500FD106C;
					};
					40FA41F52212C4D700FD106C = {
						CreatedOnToolsVersion = 10.1;
						TestTargetID = 40FA41D22212C4D500FD106C;
					};
				};
			};
			buildConfigurationList = 40FA41CE2212C4D500FD106C /* Build configuration list for PBXProject "FFBasicFrameWork" */;
			compatibilityVersion = "Xcode 9.3";
			developmentRegion = en;
			hasScannedForEncodings = 0;
			knownRegions = (
				en,
				Base,
			);
			mainGroup = 40FA41CA2212C4D500FD106C;
			productRefGroup = 40FA41D42212C4D500FD106C /* Products */;
			projectDirPath = "";
			projectRoot = "";
			targets = (
				40FA41D22212C4D500FD106C /* FFBasicFrameWork */,
				40FA41EA2212C4D700FD106C /* FFBasicFrameWorkTests */,
				40FA41F52212C4D700FD106C /* FFBasicFrameWorkUITests */,
			);
		};
/* End PBXProject section */

/* Begin PBXResourcesBuildPhase section */
		40FA41D12212C4D500FD106C /* Resources */ = {
			isa = PBXResourcesBuildPhase;
			buildActionMask = 2147483647;
			files = (
				40FA42192212C65800FD106C /* Assets.xcassets in Resources */,
				40FA421B2212C65800FD106C /* Main.storyboard in Resources */,
				40FA421A2212C65800FD106C /* LaunchScreen.storyboard in Resources */,
				40FA421E2212C65800FD106C /* Info.plist in Resources */,
				40987D932213B8FB00C0FE28 /* 1.jpg in Resources */,
			);
			runOnlyForDeploymentPostprocessing = 0;
		};
		40FA41E92212C4D700FD106C /* Resources */ = {
			isa = PBXResourcesBuildPhase;
			buildActionMask = 2147483647;
			files = (
			);
			runOnlyForDeploymentPostprocessing = 0;
		};
		40FA41F42212C4D700FD106C /* Resources */ = {
			isa = PBXResourcesBuildPhase;
			buildActionMask = 2147483647;
			files = (
			);
			runOnlyForDeploymentPostprocessing = 0;
		};
/* End PBXResourcesBuildPhase section */

/* Begin PBXShellScriptBuildPhase section */
		33F2626B1875B5100890FE98 /* [CP] Check Pods Manifest.lock */ = {
			isa = PBXShellScriptBuildPhase;
			buildActionMask = 2147483647;
			files = (
			);
			inputPaths = (
				"${PODS_PODFILE_DIR_PATH}/Podfile.lock",
				"${PODS_ROOT}/Manifest.lock",
			);
			name = "[CP] Check Pods Manifest.lock";
			outputPaths = (
				"$(DERIVED_FILE_DIR)/Pods-FFBasicFrameWork-checkManifestLockResult.txt",
			);
			runOnlyForDeploymentPostprocessing = 0;
			shellPath = /bin/sh;
			shellScript = "diff \"${PODS_PODFILE_DIR_PATH}/Podfile.lock\" \"${PODS_ROOT}/Manifest.lock\" > /dev/null\nif [ $? != 0 ] ; then\n    # print error to STDERR\n    echo \"error: The sandbox is not in sync with the Podfile.lock. Run 'pod install' or update your CocoaPods installation.\" >&2\n    exit 1\nfi\n# This output is used by Xcode 'outputs' to avoid re-running this script phase.\necho \"SUCCESS\" > \"${SCRIPT_OUTPUT_FILE_0}\"\n";
			showEnvVarsInLog = 0;
		};
/* End PBXShellScriptBuildPhase section */

/* Begin PBXSourcesBuildPhase section */
		40FA41CF2212C4D500FD106C /* Sources */ = {
			isa = PBXSourcesBuildPhase;
			buildActionMask = 2147483647;
			files = (
				40FA421C2212C65800FD106C /* main.m in Sources */,
				40844CED22212C0C0004089F /* FFBrowserImageCollectionViewCell.m in Sources */,
				40FA42222212C80E00FD106C /* UIImage+Extension.m in Sources */,
				40844CF5222138720004089F /* FFHomeCollectionViewCell.m in Sources */,
				40844CEE22212C0C0004089F /* FFBrowserImageItem.m in Sources */,
				40FA421D2212C65800FD106C /* AppDelegate.m in Sources */,
				40361BE2222515DA007D82E9 /* FFPageControl.m in Sources */,
				40844CEF22212C0C0004089F /* FFBrowserImageViewController.m in Sources */,
				40844CF222212CEB0004089F /* UIImageView+Extension.m in Sources */,
				40FA42182212C65800FD106C /* ViewController.m in Sources */,
			);
			runOnlyForDeploymentPostprocessing = 0;
		};
		40FA41E72212C4D700FD106C /* Sources */ = {
			isa = PBXSourcesBuildPhase;
			buildActionMask = 2147483647;
			files = (
				40FA41F02212C4D700FD106C /* FFBasicFrameWorkTests.m in Sources */,
			);
			runOnlyForDeploymentPostprocessing = 0;
		};
		40FA41F22212C4D700FD106C /* Sources */ = {
			isa = PBXSourcesBuildPhase;
			buildActionMask = 2147483647;
			files = (
				40FA41FB2212C4D700FD106C /* FFBasicFrameWorkUITests.m in Sources */,
			);
			runOnlyForDeploymentPostprocessing = 0;
		};
/* End PBXSourcesBuildPhase section */

/* Begin PBXTargetDependency section */
		40FA41ED2212C4D700FD106C /* PBXTargetDependency */ = {
			isa = PBXTargetDependency;
			target = 40FA41D22212C4D500FD106C /* FFBasicFrameWork */;
			targetProxy = 40FA41EC2212C4D700FD106C /* PBXContainerItemProxy */;
		};
		40FA41F82212C4D700FD106C /* PBXTargetDependency */ = {
			isa = PBXTargetDependency;
			target = 40FA41D22212C4D500FD106C /* FFBasicFrameWork */;
			targetProxy = 40FA41F72212C4D700FD106C /* PBXContainerItemProxy */;
		};
/* End PBXTargetDependency section */

/* Begin PBXVariantGroup section */
		40FA42112212C65800FD106C /* LaunchScreen.storyboard */ = {
			isa = PBXVariantGroup;
			children = (
				40FA42122212C65800FD106C /* Base */,
			);
			name = LaunchScreen.storyboard;
			sourceTree = "<group>";
		};
		40FA42132212C65800FD106C /* Main.storyboard */ = {
			isa = PBXVariantGroup;
			children = (
				40FA42142212C65800FD106C /* Base */,
			);
			name = Main.storyboard;
			sourceTree = "<group>";
		};
/* End PBXVariantGroup section */

/* Begin XCBuildConfiguration section */
		40FA41FD2212C4D700FD106C /* Debug */ = {
			isa = XCBuildConfiguration;
			buildSettings = {
				ALWAYS_SEARCH_USER_PATHS = NO;
				CLANG_ANALYZER_NONNULL = YES;
				CLANG_ANALYZER_NUMBER_OBJECT_CONVERSION = YES_AGGRESSIVE;
				CLANG_CXX_LANGUAGE_STANDARD = "gnu++14";
				CLANG_CXX_LIBRARY = "libc++";
				CLANG_ENABLE_MODULES = YES;
				CLANG_ENABLE_OBJC_ARC = YES;
				CLANG_ENABLE_OBJC_WEAK = YES;
				CLANG_WARN_BLOCK_CAPTURE_AUTORELEASING = YES;
				CLANG_WARN_BOOL_CONVERSION = YES;
				CLANG_WARN_COMMA = YES;
				CLANG_WARN_CONSTANT_CONVERSION = YES;
				CLANG_WARN_DEPRECATED_OBJC_IMPLEMENTATIONS = YES;
				CLANG_WARN_DIRECT_OBJC_ISA_USAGE = YES_ERROR;
				CLANG_WARN_DOCUMENTATION_COMMENTS = YES;
				CLANG_WARN_EMPTY_BODY = YES;
				CLANG_WARN_ENUM_CONVERSION = YES;
				CLANG_WARN_INFINITE_RECURSION = YES;
				CLANG_WARN_INT_CONVERSION = YES;
				CLANG_WARN_NON_LITERAL_NULL_CONVERSION = YES;
				CLANG_WARN_OBJC_IMPLICIT_RETAIN_SELF = YES;
				CLANG_WARN_OBJC_LITERAL_CONVERSION = YES;
				CLANG_WARN_OBJC_ROOT_CLASS = YES_ERROR;
				CLANG_WARN_RANGE_LOOP_ANALYSIS = YES;
				CLANG_WARN_STRICT_PROTOTYPES = YES;
				CLANG_WARN_SUSPICIOUS_MOVE = YES;
				CLANG_WARN_UNGUARDED_AVAILABILITY = YES_AGGRESSIVE;
				CLANG_WARN_UNREACHABLE_CODE = YES;
				CLANG_WARN__DUPLICATE_METHOD_MATCH = YES;
				CODE_SIGN_IDENTITY = "iPhone Developer";
				COPY_PHASE_STRIP = NO;
				DEBUG_INFORMATION_FORMAT = dwarf;
				ENABLE_STRICT_OBJC_MSGSEND = YES;
				ENABLE_TESTABILITY = YES;
				GCC_C_LANGUAGE_STANDARD = gnu11;
				GCC_DYNAMIC_NO_PIC = NO;
				GCC_NO_COMMON_BLOCKS = YES;
				GCC_OPTIMIZATION_LEVEL = 0;
				GCC_PREPROCESSOR_DEFINITIONS = (
					"DEBUG=1",
					"$(inherited)",
				);
				GCC_WARN_64_TO_32_BIT_CONVERSION = YES;
				GCC_WARN_ABOUT_RETURN_TYPE = YES_ERROR;
				GCC_WARN_UNDECLARED_SELECTOR = YES;
				GCC_WARN_UNINITIALIZED_AUTOS = YES_AGGRESSIVE;
				GCC_WARN_UNUSED_FUNCTION = YES;
				GCC_WARN_UNUSED_VARIABLE = YES;
				IPHONEOS_DEPLOYMENT_TARGET = 12.1;
				MTL_ENABLE_DEBUG_INFO = INCLUDE_SOURCE;
				MTL_FAST_MATH = YES;
				ONLY_ACTIVE_ARCH = YES;
				SDKROOT = iphoneos;
			};
			name = Debug;
		};
		40FA41FE2212C4D700FD106C /* Release */ = {
			isa = XCBuildConfiguration;
			buildSettings = {
				ALWAYS_SEARCH_USER_PATHS = NO;
				CLANG_ANALYZER_NONNULL = YES;
				CLANG_ANALYZER_NUMBER_OBJECT_CONVERSION = YES_AGGRESSIVE;
				CLANG_CXX_LANGUAGE_STANDARD = "gnu++14";
				CLANG_CXX_LIBRARY = "libc++";
				CLANG_ENABLE_MODULES = YES;
				CLANG_ENABLE_OBJC_ARC = YES;
				CLANG_ENABLE_OBJC_WEAK = YES;
				CLANG_WARN_BLOCK_CAPTURE_AUTORELEASING = YES;
				CLANG_WARN_BOOL_CONVERSION = YES;
				CLANG_WARN_COMMA = YES;
				CLANG_WARN_CONSTANT_CONVERSION = YES;
				CLANG_WARN_DEPRECATED_OBJC_IMPLEMENTATIONS = YES;
				CLANG_WARN_DIRECT_OBJC_ISA_USAGE = YES_ERROR;
				CLANG_WARN_DOCUMENTATION_COMMENTS = YES;
				CLANG_WARN_EMPTY_BODY = YES;
				CLANG_WARN_ENUM_CONVERSION = YES;
				CLANG_WARN_INFINITE_RECURSION = YES;
				CLANG_WARN_INT_CONVERSION = YES;
				CLANG_WARN_NON_LITERAL_NULL_CONVERSION = YES;
				CLANG_WARN_OBJC_IMPLICIT_RETAIN_SELF = YES;
				CLANG_WARN_OBJC_LITERAL_CONVERSION = YES;
				CLANG_WARN_OBJC_ROOT_CLASS = YES_ERROR;
				CLANG_WARN_RANGE_LOOP_ANALYSIS = YES;
				CLANG_WARN_STRICT_PROTOTYPES = YES;
				CLANG_WARN_SUSPICIOUS_MOVE = YES;
				CLANG_WARN_UNGUARDED_AVAILABILITY = YES_AGGRESSIVE;
				CLANG_WARN_UNREACHABLE_CODE = YES;
				CLANG_WARN__DUPLICATE_METHOD_MATCH = YES;
				CODE_SIGN_IDENTITY = "iPhone Developer";
				COPY_PHASE_STRIP = NO;
				DEBUG_INFORMATION_FORMAT = "dwarf-with-dsym";
				ENABLE_NS_ASSERTIONS = NO;
				ENABLE_STRICT_OBJC_MSGSEND = YES;
				GCC_C_LANGUAGE_STANDARD = gnu11;
				GCC_NO_COMMON_BLOCKS = YES;
				GCC_WARN_64_TO_32_BIT_CONVERSION = YES;
				GCC_WARN_ABOUT_RETURN_TYPE = YES_ERROR;
				GCC_WARN_UNDECLARED_SELECTOR = YES;
				GCC_WARN_UNINITIALIZED_AUTOS = YES_AGGRESSIVE;
				GCC_WARN_UNUSED_FUNCTION = YES;
				GCC_WARN_UNUSED_VARIABLE = YES;
				IPHONEOS_DEPLOYMENT_TARGET = 12.1;
				MTL_ENABLE_DEBUG_INFO = NO;
				MTL_FAST_MATH = YES;
				SDKROOT = iphoneos;
				VALIDATE_PRODUCT = YES;
			};
			name = Release;
		};
		40FA42002212C4D700FD106C /* Debug */ = {
			isa = XCBuildConfiguration;
			baseConfigurationReference = 1CFD19B0FC1B6FD045760A81 /* Pods-FFBasicFrameWork.debug.xcconfig */;
			buildSettings = {
				ASSETCATALOG_COMPILER_APPICON_NAME = AppIcon;
				CODE_SIGN_STYLE = Manual;
				DEVELOPMENT_TEAM = "";
				GCC_PREFIX_HEADER = "$(SRCROOT)/FFBasicFrameWork/Support/PrefixHeader.pch";
				INFOPLIST_FILE = "$(SRCROOT)/FFBasicFrameWork/Support/Info.plist";
				LD_RUNPATH_SEARCH_PATHS = (
					"$(inherited)",
					"@executable_path/Frameworks",
				);
				PRODUCT_BUNDLE_IDENTIFIER = jisa.FFBasicFrameWork;
				PRODUCT_NAME = "$(TARGET_NAME)";
				PROVISIONING_PROFILE_SPECIFIER = "";
				TARGETED_DEVICE_FAMILY = "1,2";
			};
			name = Debug;
		};
		40FA42012212C4D700FD106C /* Release */ = {
			isa = XCBuildConfiguration;
			baseConfigurationReference = A7304DF40B7519DDA54FDD44 /* Pods-FFBasicFrameWork.release.xcconfig */;
			buildSettings = {
				ASSETCATALOG_COMPILER_APPICON_NAME = AppIcon;
				CODE_SIGN_STYLE = Manual;
				DEVELOPMENT_TEAM = "";
				GCC_PREFIX_HEADER = "$(SRCROOT)/FFBasicFrameWork/Support/PrefixHeader.pch";
				INFOPLIST_FILE = "$(SRCROOT)/FFBasicFrameWork/Support/Info.plist";
				LD_RUNPATH_SEARCH_PATHS = (
					"$(inherited)",
					"@executable_path/Frameworks",
				);
				PRODUCT_BUNDLE_IDENTIFIER = jisa.FFBasicFrameWork;
				PRODUCT_NAME = "$(TARGET_NAME)";
				PROVISIONING_PROFILE_SPECIFIER = "";
				TARGETED_DEVICE_FAMILY = "1,2";
			};
			name = Release;
		};
		40FA42032212C4D700FD106C /* Debug */ = {
			isa = XCBuildConfiguration;
			buildSettings = {
				BUNDLE_LOADER = "$(TEST_HOST)";
				CODE_SIGN_STYLE = Automatic;
				DEVELOPMENT_TEAM = Q2TBL8EXRY;
				INFOPLIST_FILE = FFBasicFrameWorkTests/Info.plist;
				LD_RUNPATH_SEARCH_PATHS = (
					"$(inherited)",
					"@executable_path/Frameworks",
					"@loader_path/Frameworks",
				);
				PRODUCT_BUNDLE_IDENTIFIER = jisa.FFBasicFrameWorkTests;
				PRODUCT_NAME = "$(TARGET_NAME)";
				TARGETED_DEVICE_FAMILY = "1,2";
				TEST_HOST = "$(BUILT_PRODUCTS_DIR)/FFBasicFrameWork.app/FFBasicFrameWork";
			};
			name = Debug;
		};
		40FA42042212C4D700FD106C /* Release */ = {
			isa = XCBuildConfiguration;
			buildSettings = {
				BUNDLE_LOADER = "$(TEST_HOST)";
				CODE_SIGN_STYLE = Automatic;
				DEVELOPMENT_TEAM = Q2TBL8EXRY;
				INFOPLIST_FILE = FFBasicFrameWorkTests/Info.plist;
				LD_RUNPATH_SEARCH_PATHS = (
					"$(inherited)",
					"@executable_path/Frameworks",
					"@loader_path/Frameworks",
				);
				PRODUCT_BUNDLE_IDENTIFIER = jisa.FFBasicFrameWorkTests;
				PRODUCT_NAME = "$(TARGET_NAME)";
				TARGETED_DEVICE_FAMILY = "1,2";
				TEST_HOST = "$(BUILT_PRODUCTS_DIR)/FFBasicFrameWork.app/FFBasicFrameWork";
			};
			name = Release;
		};
		40FA42062212C4D700FD106C /* Debug */ = {
			isa = XCBuildConfiguration;
			buildSettings = {
				CODE_SIGN_STYLE = Automatic;
				DEVELOPMENT_TEAM = Q2TBL8EXRY;
				INFOPLIST_FILE = FFBasicFrameWorkUITests/Info.plist;
				LD_RUNPATH_SEARCH_PATHS = (
					"$(inherited)",
					"@executable_path/Frameworks",
					"@loader_path/Frameworks",
				);
				PRODUCT_BUNDLE_IDENTIFIER = jisa.FFBasicFrameWorkUITests;
				PRODUCT_NAME = "$(TARGET_NAME)";
				TARGETED_DEVICE_FAMILY = "1,2";
				TEST_TARGET_NAME = FFBasicFrameWork;
			};
			name = Debug;
		};
		40FA42072212C4D700FD106C /* Release */ = {
			isa = XCBuildConfiguration;
			buildSettings = {
				CODE_SIGN_STYLE = Automatic;
				DEVELOPMENT_TEAM = Q2TBL8EXRY;
				INFOPLIST_FILE = FFBasicFrameWorkUITests/Info.plist;
				LD_RUNPATH_SEARCH_PATHS = (
					"$(inherited)",
					"@executable_path/Frameworks",
					"@loader_path/Frameworks",
				);
				PRODUCT_BUNDLE_IDENTIFIER = jisa.FFBasicFrameWorkUITests;
				PRODUCT_NAME = "$(TARGET_NAME)";
				TARGETED_DEVICE_FAMILY = "1,2";
				TEST_TARGET_NAME = FFBasicFrameWork;
			};
			name = Release;
		};
/* End XCBuildConfiguration section */

/* Begin XCConfigurationList section */
		40FA41CE2212C4D500FD106C /* Build configuration list for PBXProject "FFBasicFrameWork" */ = {
			isa = XCConfigurationList;
			buildConfigurations = (
				40FA41FD2212C4D700FD106C /* Debug */,
				40FA41FE2212C4D700FD106C /* Release */,
			);
			defaultConfigurationIsVisible = 0;
			defaultConfigurationName = Release;
		};
		40FA41FF2212C4D700FD106C /* Build configuration list for PBXNativeTarget "FFBasicFrameWork" */ = {
			isa = XCConfigurationList;
			buildConfigurations = (
				40FA42002212C4D700FD106C /* Debug */,
				40FA42012212C4D700FD106C /* Release */,
			);
			defaultConfigurationIsVisible = 0;
			defaultConfigurationName = Release;
		};
		40FA42022212C4D700FD106C /* Build configuration list for PBXNativeTarget "FFBasicFrameWorkTests" */ = {
			isa = XCConfigurationList;
			buildConfigurations = (
				40FA42032212C4D700FD106C /* Debug */,
				40FA42042212C4D700FD106C /* Release */,
			);
			defaultConfigurationIsVisible = 0;
			defaultConfigurationName = Release;
		};
		40FA42052212C4D700FD106C /* Build configuration list for PBXNativeTarget "FFBasicFrameWorkUITests" */ = {
			isa = XCConfigurationList;
			buildConfigurations = (
				40FA42062212C4D700FD106C /* Debug */,
				40FA42072212C4D700FD106C /* Release */,
			);
			defaultConfigurationIsVisible = 0;
			defaultConfigurationName = Release;
		};
/* End XCConfigurationList section */
	};
	rootObject = 40FA41CB2212C4D500FD106C /* Project object */;
}
